
Microsoft Visual Studio Solution File, Format Version 12.00
# Visual Studio Version 16
VisualStudioVersion = 16.0.28407.52
MinimumVisualStudioVersion = 10.0.40219.1
Project("{FAE04EC0-301F-11D3-BF4B-00C04F79EFBC}") = "WebSite", "WebSite\WebSite.csproj", "{3E9B2C9B-A987-4B13-9B46-F006E486CF55}"
EndProject
Global
	GlobalSection(SolutionConfigurationPlatforms) = preSolution
		Debug|Any CPU = Debug|Any CPU
		Release|Any CPU = Release|Any CPU
	EndGlobalSection
	GlobalSection(ProjectConfigurationPlatforms) = postSolution
		{3E9B2C9B-A987-4B13-9B46-F006E486CF55}.Debug|Any CPU.ActiveCfg = Debug|Any CPU
		{3E9B2C9B-A987-4B13-9B46-F006E486CF55}.Debug|Any CPU.Build.0 = Debug|Any CPU
		{3E9B2C9B-A987-4B13-9B46-F006E486CF55}.Release|Any CPU.ActiveCfg = Release|Any CPU
		{3E9B2C9B-A987-4B13-9B46-F006E486CF55}.Release|Any CPU.Build.0 = Release|Any CPU
	EndGlobalSection
	GlobalSection(SolutionProperties) = preSolution
		HideSolutionNode = FALSE
	EndGlobalSection
	GlobalSection(ExtensibilityGlobals) = postSolution
		SolutionGuid = {FAF23770-87C5-4881-84FC-82475AA5F78F}
	EndGlobalSection
EndGlobal
